
Microsoft Visual Studio Solution File, Format Version 12.00
# Visual Studio Version 16
VisualStudioVersion = 16.0.32802.440
MinimumVisualStudioVersion = 10.0.40219.1
Project("{9A19103F-16F7-4668-BE54-9A1E7A4F7556}") = "libCommerciaux", "libCommerciaux\libCommerciaux.csproj", "{1E15B272-7A54-46B1-A7E2-A38B5B14724C}"
EndProject
Project("{9A19103F-16F7-4668-BE54-9A1E7A4F7556}") = "consCommerciaux", "consCommerciaux\consCommerciaux.csproj", "{5F500ABB-DDCD-4305-8DAA-CF3DECB105DD}"
EndProject
Project("{FAE04EC0-301F-11D3-BF4B-00C04F79EFBC}") = "TestProject1", "TestProject1\TestProject1.csproj", "{85071088-87DF-4476-B83E-9935DDD65C2F}"
EndProject
Global
	GlobalSection(SolutionConfigurationPlatforms) = preSolution
		Debug|Any CPU = Debug|Any CPU
		Release|Any CPU = Release|Any CPU
	EndGlobalSection
	GlobalSection(ProjectConfigurationPlatforms) = postSolution
		{1E15B272-7A54-46B1-A7E2-A38B5B14724C}.Debug|Any CPU.ActiveCfg = Debug|Any CPU
		{1E15B272-7A54-46B1-A7E2-A38B5B14724C}.Debug|Any CPU.Build.0 = Debug|Any CPU
		{1E15B272-7A54-46B1-A7E2-A38B5B14724C}.Release|Any CPU.ActiveCfg = Release|Any CPU
		{1E15B272-7A54-46B1-A7E2-A38B5B14724C}.Release|Any CPU.Build.0 = Release|Any CPU
		{5F500ABB-DDCD-4305-8DAA-CF3DECB105DD}.Debug|Any CPU.ActiveCfg = Debug|Any CPU
		{5F500ABB-DDCD-4305-8DAA-CF3DECB105DD}.Debug|Any CPU.Build.0 = Debug|Any CPU
		{5F500ABB-DDCD-4305-8DAA-CF3DECB105DD}.Release|Any CPU.ActiveCfg = Release|Any CPU
		{5F500ABB-DDCD-4305-8DAA-CF3DECB105DD}.Release|Any CPU.Build.0 = Release|Any CPU
		{85071088-87DF-4476-B83E-9935DDD65C2F}.Debug|Any CPU.ActiveCfg = Debug|Any CPU
		{85071088-87DF-4476-B83E-9935DDD65C2F}.Debug|Any CPU.Build.0 = Debug|Any CPU
		{85071088-87DF-4476-B83E-9935DDD65C2F}.Release|Any CPU.ActiveCfg = Release|Any CPU
		{85071088-87DF-4476-B83E-9935DDD65C2F}.Release|Any CPU.Build.0 = Release|Any CPU
	EndGlobalSection
	GlobalSection(SolutionProperties) = preSolution
		HideSolutionNode = FALSE
	EndGlobalSection
	GlobalSection(ExtensibilityGlobals) = postSolution
		SolutionGuid = {C077FE67-9BD6-4DD6-BFE7-C0E0FCCC7756}
	EndGlobalSection
EndGlobal
